<?xml version="1.0" encoding="utf-8"?>
<Project ToolsVersion="4.0" xmlns="http://schemas.microsoft.com/developer/msbuild/2003">
  <ItemGroup>
    <Filter Include="Source Files">
      <UniqueIdentifier>{4FC737F1-C7A5-4376-A066-2A32D752A2FF}</UniqueIdentifier>
      <Extensions>cpp;c;cc;cxx;def;odl;idl;hpj;bat;asm;asmx</Extensions>
    </Filter>
    <Filter Include="Header Files">
      <UniqueIdentifier>{93995380-89BD-4b04-88EB-625FBE52EBFB}</UniqueIdentifier>
      <Extensions>h;hpp;hxx;hm;inl;inc;xsd</Extensions>
    </Filter>
    <Filter Include="Resource Files">
      <UniqueIdentifier>{67DA6AB6-F800-4c08-8B7A-83BB121AAD01}</UniqueIdentifier>
      <Extensions>rc;ico;cur;bmp;dlg;rc2;rct;bin;rgs;gif;jpg;jpeg;jpe;resx;tiff;tif;png;wav;mfcribbon-ms</Extensions>
    </Filter>
    <Filter Include="Header Files\Scene">
      <UniqueIdentifier>{300b2088-0c40-47f4-9e21-251718f56073}</UniqueIdentifier>
    </Filter>
    <Filter Include="Source Files\Scene">
      <UniqueIdentifier>{7b7d9cfc-bbac-425d-bf20-10048a4f446a}</UniqueIdentifier>
    </Filter>
    <Filter Include="Header Files\Shapes">
      <UniqueIdentifier>{9969c6d4-fa93-4162-89ba-773dd7330275}</UniqueIdentifier>
    </Filter>
    <Filter Include="Header Files\Tracing">
      <UniqueIdentifier>{00da6328-56c1-43e1-92fe-2c9958cfaef8}</UniqueIdentifier>
    </Filter>
    <Filter Include="Source Files\Tracing">
      <UniqueIdentifier>{0ed35b4a-50f9-4c5d-9fad-466094408d84}</UniqueIdentifier>
    </Filter>
    <Filter Include="Header Files\Light">
      <UniqueIdentifier>{6be896cc-af41-4817-9a72-0077de84e1cc}</UniqueIdentifier>
    </Filter>
    <Filter Include="Header Files\Common">
      <UniqueIdentifier>{472e9a60-a566-403f-889b-c299e24f15c0}</UniqueIdentifier>
    </Filter>
    <Filter Include="Source Files\Shapes">
      <UniqueIdentifier>{b731e169-197c-47ea-93b5-1a662e2d2840}</UniqueIdentifier>
    </Filter>
    <Filter Include="Header Files\Camera">
      <UniqueIdentifier>{48f9924e-6b6f-494f-bfdf-c02b51749b3b}</UniqueIdentifier>
    </Filter>
    <Filter Include="Source Files\Light">
      <UniqueIdentifier>{25083030-d260-4c89-a823-a5f4ae13af83}</UniqueIdentifier>
    </Filter>
    <Filter Include="Source Files\Camera">
      <UniqueIdentifier>{a4ad4880-bd92-41c6-b072-831c2ec95b3f}</UniqueIdentifier>
    </Filter>
    <Filter Include="Source Files\Common">
      <UniqueIdentifier>{8f0df479-5e31-4375-8706-ac5fe5977a04}</UniqueIdentifier>
    </Filter>
  </ItemGroup>
  <ItemGroup>
    <ClCompile Include="..\src\main.cpp">
      <Filter>Source Files</Filter>
    </ClCompile>
    <ClCompile Include="..\src\raytracer.cpp">
      <Filter>Source Files\Tracing</Filter>
    </ClCompile>
    <ClCompile Include="..\src\scene.cpp">
      <Filter>Source Files\Scene</Filter>
    </ClCompile>
    <ClCompile Include="..\src\sceneloader.cpp">
      <Filter>Source Files\Scene</Filter>
    </ClCompile>
    <ClCompile Include="..\src\lightsource.cpp">
      <Filter>Source Files\Light</Filter>
    </ClCompile>
    <ClCompile Include="..\src\camera.cpp">
      <Filter>Source Files\Camera</Filter>
    </ClCompile>
    <ClCompile Include="..\src\plane.cpp">
      <Filter>Source Files\Shapes</Filter>
    </ClCompile>
    <ClCompile Include="..\src\inputparameters.cpp">
      <Filter>Source Files\Common</Filter>
    </ClCompile>
    <ClCompile Include="..\src\ray.cpp">
      <Filter>Source Files\Tracing</Filter>
    </ClCompile>
    <ClCompile Include="..\src\sphere.cpp">
      <Filter>Source Files\Shapes</Filter>
    </ClCompile>
  </ItemGroup>
  <ItemGroup>
    <ClInclude Include="..\src\raytracer.h">
      <Filter>Header Files\Tracing</Filter>
    </ClInclude>
    <ClInclude Include="..\src\scene.h">
      <Filter>Header Files\Scene</Filter>
    </ClInclude>
    <ClInclude Include="..\src\sceneloader.h">
      <Filter>Header Files\Scene</Filter>
    </ClInclude>
    <ClInclude Include="..\src\shape.h">
      <Filter>Header Files\Shapes</Filter>
    </ClInclude>
    <ClInclude Include="..\src\material.h">
      <Filter>Header Files\Light</Filter>
    </ClInclude>
    <ClInclude Include="..\src\lightsource.h">
      <Filter>Header Files\Light</Filter>
    </ClInclude>
    <ClInclude Include="..\src\types.h">
      <Filter>Header Files\Common</Filter>
    </ClInclude>
    <ClInclude Include="..\src\ray.h">
      <Filter>Header Files\Tracing</Filter>
    </ClInclude>
    <ClInclude Include="..\src\rayintersection.h">
      <Filter>Header Files\Tracing</Filter>
    </ClInclude>
    <ClInclude Include="..\src\camera.h">
      <Filter>Header Files\Camera</Filter>
    </ClInclude>
    <ClInclude Include="..\src\plane.h">
      <Filter>Header Files\Shapes</Filter>
    </ClInclude>
    <ClInclude Include="..\src\inputparameters.h">
      <Filter>Header Files\Common</Filter>
    </ClInclude>
    <ClInclude Include="..\src\sphere.h">
      <Filter>Header Files\Shapes</Filter>
    </ClInclude>
  </ItemGroup>
</Project>